github.com/dlavalli/GoProjects- v1.0.3 h1:0TQ49gu6FWZbb2rLVl5CPJSGbORgTf4e80ecy/x7Ey0=
github.com/dlavalli/GoProjects-/SampleGoModule v0.0.0-20210301234942-ed70feb76499 h1:aRHWS9WxknwGLEUcrt2TUl2f0aQ0f4NrTcNyO8ZfKQk=
github.com/dlavalli/GoProjects-/SampleGoModule v0.0.0-20210301234942-ed70feb76499/go.mod h1:fiBWtx6tdJf8U7wyleT7CB5GkrnkfXWGsbu4OarJjHc=
